
Microsoft Visual Studio Solution File, Format Version 12.00
# Visual Studio 15
VisualStudioVersion = 15.0.26730.10
MinimumVisualStudioVersion = 10.0.40219.1

Project("{6EC3EE1D-3C4E-46DD-8F32-0CC8E7565705}") = "Life", "Life\Life.fsproj", "{5826CF79-844A-4266-A2D0-766D12837A6F}"
EndProject

Project("{F2A71F9B-5D33-465A-A702-920D77279786}") = "Life.Android", "Life.Android\Life.Android.fsproj", "{548FD985-901A-4662-B0AF-F0EEC343B5BA}"
EndProject






Global
	GlobalSection(SolutionConfigurationPlatforms) = preSolution
		Ad-Hoc|Any CPU = Ad-Hoc|Any CPU
		Ad-Hoc|ARM = Ad-Hoc|ARM
		Ad-Hoc|iPhone = Ad-Hoc|iPhone
		Ad-Hoc|iPhoneSimulator = Ad-Hoc|iPhoneSimulator
		Ad-Hoc|x64 = Ad-Hoc|x64
		Ad-Hoc|x86 = Ad-Hoc|x86
		AppStore|Any CPU = AppStore|Any CPU
		AppStore|ARM = AppStore|ARM
		AppStore|iPhone = AppStore|iPhone
		AppStore|iPhoneSimulator = AppStore|iPhoneSimulator
		AppStore|x64 = AppStore|x64
		AppStore|x86 = AppStore|x86
		Debug|Any CPU = Debug|Any CPU
		Debug|ARM = Debug|ARM
		Debug|iPhone = Debug|iPhone
		Debug|iPhoneSimulator = Debug|iPhoneSimulator
		Debug|x64 = Debug|x64
		Debug|x86 = Debug|x86
		Release|Any CPU = Release|Any CPU
		Release|ARM = Release|ARM
		Release|iPhone = Release|iPhone
		Release|iPhoneSimulator = Release|iPhoneSimulator
		Release|x64 = Release|x64
		Release|x86 = Release|x86
	EndGlobalSection
	GlobalSection(ProjectConfigurationPlatforms) = postSolution
		{5826CF79-844A-4266-A2D0-766D12837A6F}.Ad-Hoc|Any CPU.ActiveCfg = Debug|Any CPU
		{5826CF79-844A-4266-A2D0-766D12837A6F}.Ad-Hoc|Any CPU.Build.0 = Debug|Any CPU
		{5826CF79-844A-4266-A2D0-766D12837A6F}.Ad-Hoc|ARM.ActiveCfg = Debug|Any CPU
		{5826CF79-844A-4266-A2D0-766D12837A6F}.Ad-Hoc|ARM.Build.0 = Debug|Any CPU
		{5826CF79-844A-4266-A2D0-766D12837A6F}.Ad-Hoc|iPhone.ActiveCfg = Debug|Any CPU
		{5826CF79-844A-4266-A2D0-766D12837A6F}.Ad-Hoc|iPhone.Build.0 = Debug|Any CPU
		{5826CF79-844A-4266-A2D0-766D12837A6F}.Ad-Hoc|iPhoneSimulator.ActiveCfg = Debug|Any CPU
		{5826CF79-844A-4266-A2D0-766D12837A6F}.Ad-Hoc|iPhoneSimulator.Build.0 = Debug|Any CPU
		{5826CF79-844A-4266-A2D0-766D12837A6F}.Ad-Hoc|x64.ActiveCfg = Debug|Any CPU
		{5826CF79-844A-4266-A2D0-766D12837A6F}.Ad-Hoc|x64.Build.0 = Debug|Any CPU
		{5826CF79-844A-4266-A2D0-766D12837A6F}.Ad-Hoc|x86.ActiveCfg = Debug|Any CPU
		{5826CF79-844A-4266-A2D0-766D12837A6F}.Ad-Hoc|x86.Build.0 = Debug|Any CPU
		{5826CF79-844A-4266-A2D0-766D12837A6F}.AppStore|Any CPU.ActiveCfg = Debug|Any CPU
		{5826CF79-844A-4266-A2D0-766D12837A6F}.AppStore|Any CPU.Build.0 = Debug|Any CPU
		{5826CF79-844A-4266-A2D0-766D12837A6F}.AppStore|ARM.ActiveCfg = Debug|Any CPU
		{5826CF79-844A-4266-A2D0-766D12837A6F}.AppStore|ARM.Build.0 = Debug|Any CPU
		{5826CF79-844A-4266-A2D0-766D12837A6F}.AppStore|iPhone.ActiveCfg = Debug|Any CPU
		{5826CF79-844A-4266-A2D0-766D12837A6F}.AppStore|iPhone.Build.0 = Debug|Any CPU
		{5826CF79-844A-4266-A2D0-766D12837A6F}.AppStore|iPhoneSimulator.ActiveCfg = Debug|Any CPU
		{5826CF79-844A-4266-A2D0-766D12837A6F}.AppStore|iPhoneSimulator.Build.0 = Debug|Any CPU
		{5826CF79-844A-4266-A2D0-766D12837A6F}.AppStore|x64.ActiveCfg = Debug|Any CPU
		{5826CF79-844A-4266-A2D0-766D12837A6F}.AppStore|x64.Build.0 = Debug|Any CPU
		{5826CF79-844A-4266-A2D0-766D12837A6F}.AppStore|x86.ActiveCfg = Debug|Any CPU
		{5826CF79-844A-4266-A2D0-766D12837A6F}.AppStore|x86.Build.0 = Debug|Any CPU
		{5826CF79-844A-4266-A2D0-766D12837A6F}.Debug|Any CPU.ActiveCfg = Debug|Any CPU
		{5826CF79-844A-4266-A2D0-766D12837A6F}.Debug|Any CPU.Build.0 = Debug|Any CPU
		{5826CF79-844A-4266-A2D0-766D12837A6F}.Debug|ARM.ActiveCfg = Debug|Any CPU
		{5826CF79-844A-4266-A2D0-766D12837A6F}.Debug|ARM.Build.0 = Debug|Any CPU
		{5826CF79-844A-4266-A2D0-766D12837A6F}.Debug|iPhone.ActiveCfg = Debug|Any CPU
		{5826CF79-844A-4266-A2D0-766D12837A6F}.Debug|iPhone.Build.0 = Debug|Any CPU
		{5826CF79-844A-4266-A2D0-766D12837A6F}.Debug|iPhoneSimulator.ActiveCfg = Debug|Any CPU
		{5826CF79-844A-4266-A2D0-766D12837A6F}.Debug|iPhoneSimulator.Build.0 = Debug|Any CPU
		{5826CF79-844A-4266-A2D0-766D12837A6F}.Debug|x64.ActiveCfg = Debug|Any CPU
		{5826CF79-844A-4266-A2D0-766D12837A6F}.Debug|x64.Build.0 = Debug|Any CPU
		{5826CF79-844A-4266-A2D0-766D12837A6F}.Debug|x86.ActiveCfg = Debug|Any CPU
		{5826CF79-844A-4266-A2D0-766D12837A6F}.Debug|x86.Build.0 = Debug|Any CPU
		{5826CF79-844A-4266-A2D0-766D12837A6F}.Release|Any CPU.ActiveCfg = Release|Any CPU
		{5826CF79-844A-4266-A2D0-766D12837A6F}.Release|Any CPU.Build.0 = Release|Any CPU
		{5826CF79-844A-4266-A2D0-766D12837A6F}.Release|ARM.ActiveCfg = Release|Any CPU
		{5826CF79-844A-4266-A2D0-766D12837A6F}.Release|ARM.Build.0 = Release|Any CPU
		{5826CF79-844A-4266-A2D0-766D12837A6F}.Release|iPhone.ActiveCfg = Release|Any CPU
		{5826CF79-844A-4266-A2D0-766D12837A6F}.Release|iPhone.Build.0 = Release|Any CPU
		{5826CF79-844A-4266-A2D0-766D12837A6F}.Release|iPhoneSimulator.ActiveCfg = Release|Any CPU
		{5826CF79-844A-4266-A2D0-766D12837A6F}.Release|iPhoneSimulator.Build.0 = Release|Any CPU
		{5826CF79-844A-4266-A2D0-766D12837A6F}.Release|x64.ActiveCfg = Release|Any CPU
		{5826CF79-844A-4266-A2D0-766D12837A6F}.Release|x64.Build.0 = Release|Any CPU
		{5826CF79-844A-4266-A2D0-766D12837A6F}.Release|x86.ActiveCfg = Release|Any CPU
		{5826CF79-844A-4266-A2D0-766D12837A6F}.Release|x86.Build.0 = Release|Any CPU
		{3F974D31-22CE-4DC0-AFF3-C039920D741C}.Ad-Hoc|Any CPU.ActiveCfg = Ad-Hoc|iPhone
		{3F974D31-22CE-4DC0-AFF3-C039920D741C}.Ad-Hoc|ARM.ActiveCfg = Ad-Hoc|iPhone
		{3F974D31-22CE-4DC0-AFF3-C039920D741C}.Ad-Hoc|iPhone.ActiveCfg = Ad-Hoc|iPhone
		{3F974D31-22CE-4DC0-AFF3-C039920D741C}.Ad-Hoc|iPhone.Build.0 = Ad-Hoc|iPhone
		{3F974D31-22CE-4DC0-AFF3-C039920D741C}.Ad-Hoc|iPhoneSimulator.ActiveCfg = Ad-Hoc|iPhoneSimulator
		{3F974D31-22CE-4DC0-AFF3-C039920D741C}.Ad-Hoc|iPhoneSimulator.Build.0 = Ad-Hoc|iPhoneSimulator
		{3F974D31-22CE-4DC0-AFF3-C039920D741C}.Ad-Hoc|x64.ActiveCfg = Ad-Hoc|iPhone
		{3F974D31-22CE-4DC0-AFF3-C039920D741C}.Ad-Hoc|x86.ActiveCfg = Ad-Hoc|iPhone
		{3F974D31-22CE-4DC0-AFF3-C039920D741C}.AppStore|Any CPU.ActiveCfg = AppStore|iPhone
		{3F974D31-22CE-4DC0-AFF3-C039920D741C}.AppStore|ARM.ActiveCfg = AppStore|iPhone
		{3F974D31-22CE-4DC0-AFF3-C039920D741C}.AppStore|iPhone.ActiveCfg = AppStore|iPhone
		{3F974D31-22CE-4DC0-AFF3-C039920D741C}.AppStore|iPhone.Build.0 = AppStore|iPhone
		{3F974D31-22CE-4DC0-AFF3-C039920D741C}.AppStore|iPhoneSimulator.ActiveCfg = AppStore|iPhoneSimulator
		{3F974D31-22CE-4DC0-AFF3-C039920D741C}.AppStore|iPhoneSimulator.Build.0 = AppStore|iPhoneSimulator
		{3F974D31-22CE-4DC0-AFF3-C039920D741C}.AppStore|x64.ActiveCfg = AppStore|iPhone
		{3F974D31-22CE-4DC0-AFF3-C039920D741C}.AppStore|x86.ActiveCfg = AppStore|iPhone
		{3F974D31-22CE-4DC0-AFF3-C039920D741C}.Debug|Any CPU.ActiveCfg = Debug|iPhone
		{3F974D31-22CE-4DC0-AFF3-C039920D741C}.Debug|ARM.ActiveCfg = Debug|iPhone
		{3F974D31-22CE-4DC0-AFF3-C039920D741C}.Debug|iPhone.ActiveCfg = Debug|iPhone
		{3F974D31-22CE-4DC0-AFF3-C039920D741C}.Debug|iPhone.Build.0 = Debug|iPhone
		{3F974D31-22CE-4DC0-AFF3-C039920D741C}.Debug|iPhoneSimulator.ActiveCfg = Debug|iPhoneSimulator
		{3F974D31-22CE-4DC0-AFF3-C039920D741C}.Debug|iPhoneSimulator.Build.0 = Debug|iPhoneSimulator
		{3F974D31-22CE-4DC0-AFF3-C039920D741C}.Debug|x64.ActiveCfg = Debug|iPhone
		{3F974D31-22CE-4DC0-AFF3-C039920D741C}.Debug|x86.ActiveCfg = Debug|iPhone
		{3F974D31-22CE-4DC0-AFF3-C039920D741C}.Release|Any CPU.ActiveCfg = Release|iPhone
		{3F974D31-22CE-4DC0-AFF3-C039920D741C}.Release|ARM.ActiveCfg = Release|iPhone
		{3F974D31-22CE-4DC0-AFF3-C039920D741C}.Release|iPhone.ActiveCfg = Release|iPhone
		{3F974D31-22CE-4DC0-AFF3-C039920D741C}.Release|iPhone.Build.0 = Release|iPhone
		{3F974D31-22CE-4DC0-AFF3-C039920D741C}.Release|iPhoneSimulator.ActiveCfg = Release|iPhoneSimulator
		{3F974D31-22CE-4DC0-AFF3-C039920D741C}.Release|iPhoneSimulator.Build.0 = Release|iPhoneSimulator
		{3F974D31-22CE-4DC0-AFF3-C039920D741C}.Release|x64.ActiveCfg = Release|iPhone
		{3F974D31-22CE-4DC0-AFF3-C039920D741C}.Release|x86.ActiveCfg = Release|iPhone
		{89226640-0C6E-45B6-AD44-E7F2DA501AAE}.Ad-Hoc|Any CPU.ActiveCfg = Release|x86
		{89226640-0C6E-45B6-AD44-E7F2DA501AAE}.Ad-Hoc|Any CPU.Build.0 = Release|x86
		{89226640-0C6E-45B6-AD44-E7F2DA501AAE}.Ad-Hoc|Any CPU.Deploy.0 = Release|x86
		{89226640-0C6E-45B6-AD44-E7F2DA501AAE}.Ad-Hoc|ARM.ActiveCfg = Release|ARM
		{89226640-0C6E-45B6-AD44-E7F2DA501AAE}.Ad-Hoc|ARM.Build.0 = Release|ARM
		{89226640-0C6E-45B6-AD44-E7F2DA501AAE}.Ad-Hoc|ARM.Deploy.0 = Release|ARM
		{89226640-0C6E-45B6-AD44-E7F2DA501AAE}.Ad-Hoc|iPhone.ActiveCfg = Release|x86
		{89226640-0C6E-45B6-AD44-E7F2DA501AAE}.Ad-Hoc|iPhone.Build.0 = Release|x86
		{89226640-0C6E-45B6-AD44-E7F2DA501AAE}.Ad-Hoc|iPhone.Deploy.0 = Release|x86
		{89226640-0C6E-45B6-AD44-E7F2DA501AAE}.Ad-Hoc|iPhoneSimulator.ActiveCfg = Release|x86
		{89226640-0C6E-45B6-AD44-E7F2DA501AAE}.Ad-Hoc|iPhoneSimulator.Build.0 = Release|x86
		{89226640-0C6E-45B6-AD44-E7F2DA501AAE}.Ad-Hoc|iPhoneSimulator.Deploy.0 = Release|x86
		{89226640-0C6E-45B6-AD44-E7F2DA501AAE}.Ad-Hoc|x64.ActiveCfg = Release|x64
		{89226640-0C6E-45B6-AD44-E7F2DA501AAE}.Ad-Hoc|x64.Build.0 = Release|x64
		{89226640-0C6E-45B6-AD44-E7F2DA501AAE}.Ad-Hoc|x64.Deploy.0 = Release|x64
		{89226640-0C6E-45B6-AD44-E7F2DA501AAE}.Ad-Hoc|x86.ActiveCfg = Release|x86
		{89226640-0C6E-45B6-AD44-E7F2DA501AAE}.Ad-Hoc|x86.Build.0 = Release|x86
		{89226640-0C6E-45B6-AD44-E7F2DA501AAE}.Ad-Hoc|x86.Deploy.0 = Release|x86
		{89226640-0C6E-45B6-AD44-E7F2DA501AAE}.AppStore|Any CPU.ActiveCfg = Release|x86
		{89226640-0C6E-45B6-AD44-E7F2DA501AAE}.AppStore|Any CPU.Build.0 = Release|x86
		{89226640-0C6E-45B6-AD44-E7F2DA501AAE}.AppStore|Any CPU.Deploy.0 = Release|x86
		{89226640-0C6E-45B6-AD44-E7F2DA501AAE}.AppStore|ARM.ActiveCfg = Release|ARM
		{89226640-0C6E-45B6-AD44-E7F2DA501AAE}.AppStore|ARM.Build.0 = Release|ARM
		{89226640-0C6E-45B6-AD44-E7F2DA501AAE}.AppStore|ARM.Deploy.0 = Release|ARM
		{89226640-0C6E-45B6-AD44-E7F2DA501AAE}.AppStore|iPhone.ActiveCfg = Release|x86
		{89226640-0C6E-45B6-AD44-E7F2DA501AAE}.AppStore|iPhone.Build.0 = Release|x86
		{89226640-0C6E-45B6-AD44-E7F2DA501AAE}.AppStore|iPhone.Deploy.0 = Release|x86
		{89226640-0C6E-45B6-AD44-E7F2DA501AAE}.AppStore|iPhoneSimulator.ActiveCfg = Release|x86
		{89226640-0C6E-45B6-AD44-E7F2DA501AAE}.AppStore|iPhoneSimulator.Build.0 = Release|x86
		{89226640-0C6E-45B6-AD44-E7F2DA501AAE}.AppStore|iPhoneSimulator.Deploy.0 = Release|x86
		{89226640-0C6E-45B6-AD44-E7F2DA501AAE}.AppStore|x64.ActiveCfg = Release|x64
		{89226640-0C6E-45B6-AD44-E7F2DA501AAE}.AppStore|x64.Build.0 = Release|x64
		{89226640-0C6E-45B6-AD44-E7F2DA501AAE}.AppStore|x64.Deploy.0 = Release|x64
		{89226640-0C6E-45B6-AD44-E7F2DA501AAE}.AppStore|x86.ActiveCfg = Release|x86
		{89226640-0C6E-45B6-AD44-E7F2DA501AAE}.AppStore|x86.Build.0 = Release|x86
		{89226640-0C6E-45B6-AD44-E7F2DA501AAE}.AppStore|x86.Deploy.0 = Release|x86
		{89226640-0C6E-45B6-AD44-E7F2DA501AAE}.Debug|Any CPU.ActiveCfg = Debug|x86
		{89226640-0C6E-45B6-AD44-E7F2DA501AAE}.Debug|ARM.ActiveCfg = Debug|ARM
		{89226640-0C6E-45B6-AD44-E7F2DA501AAE}.Debug|ARM.Build.0 = Debug|ARM
		{89226640-0C6E-45B6-AD44-E7F2DA501AAE}.Debug|ARM.Deploy.0 = Debug|ARM
		{89226640-0C6E-45B6-AD44-E7F2DA501AAE}.Debug|iPhone.ActiveCfg = Debug|x86
		{89226640-0C6E-45B6-AD44-E7F2DA501AAE}.Debug|iPhoneSimulator.ActiveCfg = Debug|x86
		{89226640-0C6E-45B6-AD44-E7F2DA501AAE}.Debug|x64.ActiveCfg = Debug|x64
		{89226640-0C6E-45B6-AD44-E7F2DA501AAE}.Debug|x64.Build.0 = Debug|x64
		{89226640-0C6E-45B6-AD44-E7F2DA501AAE}.Debug|x64.Deploy.0 = Debug|x64
		{89226640-0C6E-45B6-AD44-E7F2DA501AAE}.Debug|x86.ActiveCfg = Debug|x86
		{89226640-0C6E-45B6-AD44-E7F2DA501AAE}.Debug|x86.Build.0 = Debug|x86
		{89226640-0C6E-45B6-AD44-E7F2DA501AAE}.Debug|x86.Deploy.0 = Debug|x86
		{89226640-0C6E-45B6-AD44-E7F2DA501AAE}.Release|Any CPU.ActiveCfg = Release|x86
		{89226640-0C6E-45B6-AD44-E7F2DA501AAE}.Release|ARM.ActiveCfg = Release|ARM
		{89226640-0C6E-45B6-AD44-E7F2DA501AAE}.Release|ARM.Build.0 = Release|ARM
		{89226640-0C6E-45B6-AD44-E7F2DA501AAE}.Release|ARM.Deploy.0 = Release|ARM
		{89226640-0C6E-45B6-AD44-E7F2DA501AAE}.Release|iPhone.ActiveCfg = Release|x86
		{89226640-0C6E-45B6-AD44-E7F2DA501AAE}.Release|iPhoneSimulator.ActiveCfg = Release|x86
		{89226640-0C6E-45B6-AD44-E7F2DA501AAE}.Release|x64.ActiveCfg = Release|x64
		{89226640-0C6E-45B6-AD44-E7F2DA501AAE}.Release|x64.Build.0 = Release|x64
		{89226640-0C6E-45B6-AD44-E7F2DA501AAE}.Release|x64.Deploy.0 = Release|x64
		{89226640-0C6E-45B6-AD44-E7F2DA501AAE}.Release|x86.ActiveCfg = Release|x86
		{89226640-0C6E-45B6-AD44-E7F2DA501AAE}.Release|x86.Build.0 = Release|x86
		{89226640-0C6E-45B6-AD44-E7F2DA501AAE}.Release|x86.Deploy.0 = Release|x86
		{337AC13A-5282-404B-B449-9408B2EE2055}.Ad-Hoc|Any CPU.ActiveCfg = Release|Any CPU
		{337AC13A-5282-404B-B449-9408B2EE2055}.Ad-Hoc|Any CPU.Build.0 = Release|Any CPU
		{337AC13A-5282-404B-B449-9408B2EE2055}.Ad-Hoc|ARM.ActiveCfg = Release|Any CPU
		{337AC13A-5282-404B-B449-9408B2EE2055}.Ad-Hoc|ARM.Build.0 = Release|Any CPU
		{337AC13A-5282-404B-B449-9408B2EE2055}.Ad-Hoc|iPhone.ActiveCfg = Release|Any CPU
		{337AC13A-5282-404B-B449-9408B2EE2055}.Ad-Hoc|iPhone.Build.0 = Release|Any CPU
		{337AC13A-5282-404B-B449-9408B2EE2055}.Ad-Hoc|iPhoneSimulator.ActiveCfg = Release|Any CPU
		{337AC13A-5282-404B-B449-9408B2EE2055}.Ad-Hoc|iPhoneSimulator.Build.0 = Release|Any CPU
		{337AC13A-5282-404B-B449-9408B2EE2055}.Ad-Hoc|x64.ActiveCfg = Release|Any CPU
		{337AC13A-5282-404B-B449-9408B2EE2055}.Ad-Hoc|x64.Build.0 = Release|Any CPU
		{337AC13A-5282-404B-B449-9408B2EE2055}.Ad-Hoc|x86.ActiveCfg = Release|Any CPU
		{337AC13A-5282-404B-B449-9408B2EE2055}.Ad-Hoc|x86.Build.0 = Release|Any CPU
		{337AC13A-5282-404B-B449-9408B2EE2055}.AppStore|Any CPU.ActiveCfg = Release|Any CPU
		{337AC13A-5282-404B-B449-9408B2EE2055}.AppStore|Any CPU.Build.0 = Release|Any CPU
		{337AC13A-5282-404B-B449-9408B2EE2055}.AppStore|ARM.ActiveCfg = Release|Any CPU
		{337AC13A-5282-404B-B449-9408B2EE2055}.AppStore|ARM.Build.0 = Release|Any CPU
		{337AC13A-5282-404B-B449-9408B2EE2055}.AppStore|iPhone.ActiveCfg = Release|Any CPU
		{337AC13A-5282-404B-B449-9408B2EE2055}.AppStore|iPhone.Build.0 = Release|Any CPU
		{337AC13A-5282-404B-B449-9408B2EE2055}.AppStore|iPhoneSimulator.ActiveCfg = Release|Any CPU
		{337AC13A-5282-404B-B449-9408B2EE2055}.AppStore|iPhoneSimulator.Build.0 = Release|Any CPU
		{337AC13A-5282-404B-B449-9408B2EE2055}.AppStore|x64.ActiveCfg = Release|Any CPU
		{337AC13A-5282-404B-B449-9408B2EE2055}.AppStore|x64.Build.0 = Release|Any CPU
		{337AC13A-5282-404B-B449-9408B2EE2055}.AppStore|x86.ActiveCfg = Release|Any CPU
		{337AC13A-5282-404B-B449-9408B2EE2055}.AppStore|x86.Build.0 = Release|Any CPU
		{337AC13A-5282-404B-B449-9408B2EE2055}.Debug|Any CPU.ActiveCfg = Debug|Any CPU
		{337AC13A-5282-404B-B449-9408B2EE2055}.Debug|Any CPU.Build.0 = Debug|Any CPU
		{337AC13A-5282-404B-B449-9408B2EE2055}.Debug|ARM.ActiveCfg = Debug|Any CPU
		{337AC13A-5282-404B-B449-9408B2EE2055}.Debug|ARM.Build.0 = Debug|Any CPU
		{337AC13A-5282-404B-B449-9408B2EE2055}.Debug|iPhone.ActiveCfg = Debug|Any CPU
		{337AC13A-5282-404B-B449-9408B2EE2055}.Debug|iPhone.Build.0 = Debug|Any CPU
		{337AC13A-5282-404B-B449-9408B2EE2055}.Debug|iPhoneSimulator.ActiveCfg = Debug|Any CPU
		{337AC13A-5282-404B-B449-9408B2EE2055}.Debug|iPhoneSimulator.Build.0 = Debug|Any CPU
		{337AC13A-5282-404B-B449-9408B2EE2055}.Debug|x64.ActiveCfg = Debug|Any CPU
		{337AC13A-5282-404B-B449-9408B2EE2055}.Debug|x64.Build.0 = Debug|Any CPU
		{337AC13A-5282-404B-B449-9408B2EE2055}.Debug|x86.ActiveCfg = Debug|Any CPU
		{337AC13A-5282-404B-B449-9408B2EE2055}.Debug|x86.Build.0 = Debug|Any CPU
		{337AC13A-5282-404B-B449-9408B2EE2055}.Release|Any CPU.ActiveCfg = Release|Any CPU
		{337AC13A-5282-404B-B449-9408B2EE2055}.Release|Any CPU.Build.0 = Release|Any CPU
		{337AC13A-5282-404B-B449-9408B2EE2055}.Release|ARM.ActiveCfg = Release|Any CPU
		{337AC13A-5282-404B-B449-9408B2EE2055}.Release|ARM.Build.0 = Release|Any CPU
		{337AC13A-5282-404B-B449-9408B2EE2055}.Release|iPhone.ActiveCfg = Release|Any CPU
		{337AC13A-5282-404B-B449-9408B2EE2055}.Release|iPhone.Build.0 = Release|Any CPU
		{337AC13A-5282-404B-B449-9408B2EE2055}.Release|iPhoneSimulator.ActiveCfg = Release|Any CPU
		{337AC13A-5282-404B-B449-9408B2EE2055}.Release|iPhoneSimulator.Build.0 = Release|Any CPU
		{337AC13A-5282-404B-B449-9408B2EE2055}.Release|x64.ActiveCfg = Release|Any CPU
		{337AC13A-5282-404B-B449-9408B2EE2055}.Release|x64.Build.0 = Release|Any CPU
		{337AC13A-5282-404B-B449-9408B2EE2055}.Release|x86.ActiveCfg = Release|Any CPU
		{337AC13A-5282-404B-B449-9408B2EE2055}.Release|x86.Build.0 = Release|Any CPU
		{34E9100F-92F7-4D10-97D0-1DB7FC78A268}.Ad-Hoc|Any CPU.ActiveCfg = Release|Any CPU
		{34E9100F-92F7-4D10-97D0-1DB7FC78A268}.Ad-Hoc|Any CPU.Build.0 = Release|Any CPU
		{34E9100F-92F7-4D10-97D0-1DB7FC78A268}.Ad-Hoc|ARM.ActiveCfg = Release|Any CPU
		{34E9100F-92F7-4D10-97D0-1DB7FC78A268}.Ad-Hoc|ARM.Build.0 = Release|Any CPU
		{34E9100F-92F7-4D10-97D0-1DB7FC78A268}.Ad-Hoc|iPhone.ActiveCfg = Release|Any CPU
		{34E9100F-92F7-4D10-97D0-1DB7FC78A268}.Ad-Hoc|iPhone.Build.0 = Release|Any CPU
		{34E9100F-92F7-4D10-97D0-1DB7FC78A268}.Ad-Hoc|iPhoneSimulator.ActiveCfg = Release|Any CPU
		{34E9100F-92F7-4D10-97D0-1DB7FC78A268}.Ad-Hoc|iPhoneSimulator.Build.0 = Release|Any CPU
		{34E9100F-92F7-4D10-97D0-1DB7FC78A268}.Ad-Hoc|x64.ActiveCfg = Release|Any CPU
		{34E9100F-92F7-4D10-97D0-1DB7FC78A268}.Ad-Hoc|x64.Build.0 = Release|Any CPU
		{34E9100F-92F7-4D10-97D0-1DB7FC78A268}.Ad-Hoc|x86.ActiveCfg = Release|Any CPU
		{34E9100F-92F7-4D10-97D0-1DB7FC78A268}.Ad-Hoc|x86.Build.0 = Release|Any CPU
		{34E9100F-92F7-4D10-97D0-1DB7FC78A268}.AppStore|Any CPU.ActiveCfg = Release|Any CPU
		{34E9100F-92F7-4D10-97D0-1DB7FC78A268}.AppStore|Any CPU.Build.0 = Release|Any CPU
		{34E9100F-92F7-4D10-97D0-1DB7FC78A268}.AppStore|ARM.ActiveCfg = Release|Any CPU
		{34E9100F-92F7-4D10-97D0-1DB7FC78A268}.AppStore|ARM.Build.0 = Release|Any CPU
		{34E9100F-92F7-4D10-97D0-1DB7FC78A268}.AppStore|iPhone.ActiveCfg = Release|Any CPU
		{34E9100F-92F7-4D10-97D0-1DB7FC78A268}.AppStore|iPhone.Build.0 = Release|Any CPU
		{34E9100F-92F7-4D10-97D0-1DB7FC78A268}.AppStore|iPhoneSimulator.ActiveCfg = Release|Any CPU
		{34E9100F-92F7-4D10-97D0-1DB7FC78A268}.AppStore|iPhoneSimulator.Build.0 = Release|Any CPU
		{34E9100F-92F7-4D10-97D0-1DB7FC78A268}.AppStore|x64.ActiveCfg = Release|Any CPU
		{34E9100F-92F7-4D10-97D0-1DB7FC78A268}.AppStore|x64.Build.0 = Release|Any CPU
		{34E9100F-92F7-4D10-97D0-1DB7FC78A268}.AppStore|x86.ActiveCfg = Release|Any CPU
		{34E9100F-92F7-4D10-97D0-1DB7FC78A268}.AppStore|x86.Build.0 = Release|Any CPU
		{34E9100F-92F7-4D10-97D0-1DB7FC78A268}.Debug|Any CPU.ActiveCfg = Debug|Any CPU
		{34E9100F-92F7-4D10-97D0-1DB7FC78A268}.Debug|Any CPU.Build.0 = Debug|Any CPU
		{34E9100F-92F7-4D10-97D0-1DB7FC78A268}.Debug|ARM.ActiveCfg = Debug|Any CPU
		{34E9100F-92F7-4D10-97D0-1DB7FC78A268}.Debug|ARM.Build.0 = Debug|Any CPU
		{34E9100F-92F7-4D10-97D0-1DB7FC78A268}.Debug|iPhone.ActiveCfg = Debug|Any CPU
		{34E9100F-92F7-4D10-97D0-1DB7FC78A268}.Debug|iPhone.Build.0 = Debug|Any CPU
		{34E9100F-92F7-4D10-97D0-1DB7FC78A268}.Debug|iPhoneSimulator.ActiveCfg = Debug|Any CPU
		{34E9100F-92F7-4D10-97D0-1DB7FC78A268}.Debug|iPhoneSimulator.Build.0 = Debug|Any CPU
		{34E9100F-92F7-4D10-97D0-1DB7FC78A268}.Debug|x64.ActiveCfg = Debug|Any CPU
		{34E9100F-92F7-4D10-97D0-1DB7FC78A268}.Debug|x64.Build.0 = Debug|Any CPU
		{34E9100F-92F7-4D10-97D0-1DB7FC78A268}.Debug|x86.ActiveCfg = Debug|Any CPU
		{34E9100F-92F7-4D10-97D0-1DB7FC78A268}.Debug|x86.Build.0 = Debug|Any CPU
		{34E9100F-92F7-4D10-97D0-1DB7FC78A268}.Release|Any CPU.ActiveCfg = Release|Any CPU
		{34E9100F-92F7-4D10-97D0-1DB7FC78A268}.Release|Any CPU.Build.0 = Release|Any CPU
		{34E9100F-92F7-4D10-97D0-1DB7FC78A268}.Release|ARM.ActiveCfg = Release|Any CPU
		{34E9100F-92F7-4D10-97D0-1DB7FC78A268}.Release|ARM.Build.0 = Release|Any CPU
		{34E9100F-92F7-4D10-97D0-1DB7FC78A268}.Release|iPhone.ActiveCfg = Release|Any CPU
		{34E9100F-92F7-4D10-97D0-1DB7FC78A268}.Release|iPhone.Build.0 = Release|Any CPU
		{34E9100F-92F7-4D10-97D0-1DB7FC78A268}.Release|iPhoneSimulator.ActiveCfg = Release|Any CPU
		{34E9100F-92F7-4D10-97D0-1DB7FC78A268}.Release|iPhoneSimulator.Build.0 = Release|Any CPU
		{34E9100F-92F7-4D10-97D0-1DB7FC78A268}.Release|x64.ActiveCfg = Release|Any CPU
		{34E9100F-92F7-4D10-97D0-1DB7FC78A268}.Release|x64.Build.0 = Release|Any CPU
		{34E9100F-92F7-4D10-97D0-1DB7FC78A268}.Release|x86.ActiveCfg = Release|Any CPU
		{34E9100F-92F7-4D10-97D0-1DB7FC78A268}.Release|x86.Build.0 = Release|Any CPU
		{548FD985-901A-4662-B0AF-F0EEC343B5BA}.Ad-Hoc|Any CPU.ActiveCfg = Release|Any CPU
		{548FD985-901A-4662-B0AF-F0EEC343B5BA}.Ad-Hoc|Any CPU.Build.0 = Release|Any CPU
		{548FD985-901A-4662-B0AF-F0EEC343B5BA}.Ad-Hoc|ARM.ActiveCfg = Release|Any CPU
		{548FD985-901A-4662-B0AF-F0EEC343B5BA}.Ad-Hoc|ARM.Build.0 = Release|Any CPU
		{548FD985-901A-4662-B0AF-F0EEC343B5BA}.Ad-Hoc|iPhone.ActiveCfg = Release|Any CPU
		{548FD985-901A-4662-B0AF-F0EEC343B5BA}.Ad-Hoc|iPhone.Build.0 = Release|Any CPU
		{548FD985-901A-4662-B0AF-F0EEC343B5BA}.Ad-Hoc|iPhoneSimulator.ActiveCfg = Release|Any CPU
		{548FD985-901A-4662-B0AF-F0EEC343B5BA}.Ad-Hoc|iPhoneSimulator.Build.0 = Release|Any CPU
		{548FD985-901A-4662-B0AF-F0EEC343B5BA}.Ad-Hoc|x64.ActiveCfg = Release|Any CPU
		{548FD985-901A-4662-B0AF-F0EEC343B5BA}.Ad-Hoc|x64.Build.0 = Release|Any CPU
		{548FD985-901A-4662-B0AF-F0EEC343B5BA}.Ad-Hoc|x86.ActiveCfg = Release|Any CPU
		{548FD985-901A-4662-B0AF-F0EEC343B5BA}.Ad-Hoc|x86.Build.0 = Release|Any CPU
		{548FD985-901A-4662-B0AF-F0EEC343B5BA}.AppStore|Any CPU.ActiveCfg = Release|Any CPU
		{548FD985-901A-4662-B0AF-F0EEC343B5BA}.AppStore|Any CPU.Build.0 = Release|Any CPU
		{548FD985-901A-4662-B0AF-F0EEC343B5BA}.AppStore|ARM.ActiveCfg = Release|Any CPU
		{548FD985-901A-4662-B0AF-F0EEC343B5BA}.AppStore|ARM.Build.0 = Release|Any CPU
		{548FD985-901A-4662-B0AF-F0EEC343B5BA}.AppStore|iPhone.ActiveCfg = Release|Any CPU
		{548FD985-901A-4662-B0AF-F0EEC343B5BA}.AppStore|iPhone.Build.0 = Release|Any CPU
		{548FD985-901A-4662-B0AF-F0EEC343B5BA}.AppStore|iPhoneSimulator.ActiveCfg = Release|Any CPU
		{548FD985-901A-4662-B0AF-F0EEC343B5BA}.AppStore|iPhoneSimulator.Build.0 = Release|Any CPU
		{548FD985-901A-4662-B0AF-F0EEC343B5BA}.AppStore|x64.ActiveCfg = Release|Any CPU
		{548FD985-901A-4662-B0AF-F0EEC343B5BA}.AppStore|x64.Build.0 = Release|Any CPU
		{548FD985-901A-4662-B0AF-F0EEC343B5BA}.AppStore|x86.ActiveCfg = Release|Any CPU
		{548FD985-901A-4662-B0AF-F0EEC343B5BA}.AppStore|x86.Build.0 = Release|Any CPU
		{548FD985-901A-4662-B0AF-F0EEC343B5BA}.Debug|Any CPU.ActiveCfg = Debug|Any CPU
		{548FD985-901A-4662-B0AF-F0EEC343B5BA}.Debug|Any CPU.Build.0 = Debug|Any CPU
		{548FD985-901A-4662-B0AF-F0EEC343B5BA}.Debug|Any CPU.Deploy.0 = Debug|Any CPU
		{548FD985-901A-4662-B0AF-F0EEC343B5BA}.Debug|ARM.ActiveCfg = Debug|Any CPU
		{548FD985-901A-4662-B0AF-F0EEC343B5BA}.Debug|ARM.Build.0 = Debug|Any CPU
		{548FD985-901A-4662-B0AF-F0EEC343B5BA}.Debug|iPhone.ActiveCfg = Debug|Any CPU
		{548FD985-901A-4662-B0AF-F0EEC343B5BA}.Debug|iPhone.Build.0 = Debug|Any CPU
		{548FD985-901A-4662-B0AF-F0EEC343B5BA}.Debug|iPhoneSimulator.ActiveCfg = Debug|Any CPU
		{548FD985-901A-4662-B0AF-F0EEC343B5BA}.Debug|iPhoneSimulator.Build.0 = Debug|Any CPU
		{548FD985-901A-4662-B0AF-F0EEC343B5BA}.Debug|x64.ActiveCfg = Debug|Any CPU
		{548FD985-901A-4662-B0AF-F0EEC343B5BA}.Debug|x64.Build.0 = Debug|Any CPU
		{548FD985-901A-4662-B0AF-F0EEC343B5BA}.Debug|x86.ActiveCfg = Debug|Any CPU
		{548FD985-901A-4662-B0AF-F0EEC343B5BA}.Debug|x86.Build.0 = Debug|Any CPU
		{548FD985-901A-4662-B0AF-F0EEC343B5BA}.Release|Any CPU.ActiveCfg = Release|Any CPU
		{548FD985-901A-4662-B0AF-F0EEC343B5BA}.Release|Any CPU.Build.0 = Release|Any CPU
		{548FD985-901A-4662-B0AF-F0EEC343B5BA}.Release|Any CPU.Deploy.0 = Release|Any CPU
		{548FD985-901A-4662-B0AF-F0EEC343B5BA}.Release|ARM.ActiveCfg = Release|Any CPU
		{548FD985-901A-4662-B0AF-F0EEC343B5BA}.Release|ARM.Build.0 = Release|Any CPU
		{548FD985-901A-4662-B0AF-F0EEC343B5BA}.Release|iPhone.ActiveCfg = Release|Any CPU
		{548FD985-901A-4662-B0AF-F0EEC343B5BA}.Release|iPhone.Build.0 = Release|Any CPU
		{548FD985-901A-4662-B0AF-F0EEC343B5BA}.Release|iPhoneSimulator.ActiveCfg = Release|Any CPU
		{548FD985-901A-4662-B0AF-F0EEC343B5BA}.Release|iPhoneSimulator.Build.0 = Release|Any CPU
		{548FD985-901A-4662-B0AF-F0EEC343B5BA}.Release|x64.ActiveCfg = Release|Any CPU
		{548FD985-901A-4662-B0AF-F0EEC343B5BA}.Release|x64.Build.0 = Release|Any CPU
		{548FD985-901A-4662-B0AF-F0EEC343B5BA}.Release|x86.ActiveCfg = Release|Any CPU
		{548FD985-901A-4662-B0AF-F0EEC343B5BA}.Release|x86.Build.0 = Release|Any CPU
		{3F410711-6577-4AB2-9ADD-DF1BF7C46350}.Ad-Hoc|Any CPU.ActiveCfg = Release|Any CPU
		{3F410711-6577-4AB2-9ADD-DF1BF7C46350}.Ad-Hoc|Any CPU.Build.0 = Release|Any CPU
		{3F410711-6577-4AB2-9ADD-DF1BF7C46350}.Ad-Hoc|ARM.ActiveCfg = Release|Any CPU
		{3F410711-6577-4AB2-9ADD-DF1BF7C46350}.Ad-Hoc|ARM.Build.0 = Release|Any CPU
		{3F410711-6577-4AB2-9ADD-DF1BF7C46350}.Ad-Hoc|iPhone.ActiveCfg = Release|Any CPU
		{3F410711-6577-4AB2-9ADD-DF1BF7C46350}.Ad-Hoc|iPhone.Build.0 = Release|Any CPU
		{3F410711-6577-4AB2-9ADD-DF1BF7C46350}.Ad-Hoc|iPhoneSimulator.ActiveCfg = Release|Any CPU
		{3F410711-6577-4AB2-9ADD-DF1BF7C46350}.Ad-Hoc|iPhoneSimulator.Build.0 = Release|Any CPU
		{3F410711-6577-4AB2-9ADD-DF1BF7C46350}.Ad-Hoc|x64.ActiveCfg = Release|Any CPU
		{3F410711-6577-4AB2-9ADD-DF1BF7C46350}.Ad-Hoc|x64.Build.0 = Release|Any CPU
		{3F410711-6577-4AB2-9ADD-DF1BF7C46350}.Ad-Hoc|x86.ActiveCfg = Release|Any CPU
		{3F410711-6577-4AB2-9ADD-DF1BF7C46350}.Ad-Hoc|x86.Build.0 = Release|Any CPU
		{3F410711-6577-4AB2-9ADD-DF1BF7C46350}.AppStore|Any CPU.ActiveCfg = Release|Any CPU
		{3F410711-6577-4AB2-9ADD-DF1BF7C46350}.AppStore|Any CPU.Build.0 = Release|Any CPU
		{3F410711-6577-4AB2-9ADD-DF1BF7C46350}.AppStore|ARM.ActiveCfg = Release|Any CPU
		{3F410711-6577-4AB2-9ADD-DF1BF7C46350}.AppStore|ARM.Build.0 = Release|Any CPU
		{3F410711-6577-4AB2-9ADD-DF1BF7C46350}.AppStore|iPhone.ActiveCfg = Release|Any CPU
		{3F410711-6577-4AB2-9ADD-DF1BF7C46350}.AppStore|iPhone.Build.0 = Release|Any CPU
		{3F410711-6577-4AB2-9ADD-DF1BF7C46350}.AppStore|iPhoneSimulator.ActiveCfg = Release|Any CPU
		{3F410711-6577-4AB2-9ADD-DF1BF7C46350}.AppStore|iPhoneSimulator.Build.0 = Release|Any CPU
		{3F410711-6577-4AB2-9ADD-DF1BF7C46350}.AppStore|x64.ActiveCfg = Release|Any CPU
		{3F410711-6577-4AB2-9ADD-DF1BF7C46350}.AppStore|x64.Build.0 = Release|Any CPU
		{3F410711-6577-4AB2-9ADD-DF1BF7C46350}.AppStore|x86.ActiveCfg = Release|Any CPU
		{3F410711-6577-4AB2-9ADD-DF1BF7C46350}.AppStore|x86.Build.0 = Release|Any CPU
		{3F410711-6577-4AB2-9ADD-DF1BF7C46350}.Debug|Any CPU.ActiveCfg = Debug|Any CPU
		{3F410711-6577-4AB2-9ADD-DF1BF7C46350}.Debug|Any CPU.Build.0 = Debug|Any CPU
		{3F410711-6577-4AB2-9ADD-DF1BF7C46350}.Debug|ARM.ActiveCfg = Debug|Any CPU
		{3F410711-6577-4AB2-9ADD-DF1BF7C46350}.Debug|ARM.Build.0 = Debug|Any CPU
		{3F410711-6577-4AB2-9ADD-DF1BF7C46350}.Debug|iPhone.ActiveCfg = Debug|Any CPU
		{3F410711-6577-4AB2-9ADD-DF1BF7C46350}.Debug|iPhone.Build.0 = Debug|Any CPU
		{3F410711-6577-4AB2-9ADD-DF1BF7C46350}.Debug|iPhoneSimulator.ActiveCfg = Debug|Any CPU
		{3F410711-6577-4AB2-9ADD-DF1BF7C46350}.Debug|iPhoneSimulator.Build.0 = Debug|Any CPU
		{3F410711-6577-4AB2-9ADD-DF1BF7C46350}.Debug|x64.ActiveCfg = Debug|Any CPU
		{3F410711-6577-4AB2-9ADD-DF1BF7C46350}.Debug|x64.Build.0 = Debug|Any CPU
		{3F410711-6577-4AB2-9ADD-DF1BF7C46350}.Debug|x86.ActiveCfg = Debug|Any CPU
		{3F410711-6577-4AB2-9ADD-DF1BF7C46350}.Debug|x86.Build.0 = Debug|Any CPU
		{3F410711-6577-4AB2-9ADD-DF1BF7C46350}.Release|Any CPU.ActiveCfg = Release|Any CPU
		{3F410711-6577-4AB2-9ADD-DF1BF7C46350}.Release|Any CPU.Build.0 = Release|Any CPU
		{3F410711-6577-4AB2-9ADD-DF1BF7C46350}.Release|ARM.ActiveCfg = Release|Any CPU
		{3F410711-6577-4AB2-9ADD-DF1BF7C46350}.Release|ARM.Build.0 = Release|Any CPU
		{3F410711-6577-4AB2-9ADD-DF1BF7C46350}.Release|iPhone.ActiveCfg = Release|Any CPU
		{3F410711-6577-4AB2-9ADD-DF1BF7C46350}.Release|iPhone.Build.0 = Release|Any CPU
		{3F410711-6577-4AB2-9ADD-DF1BF7C46350}.Release|iPhoneSimulator.ActiveCfg = Release|Any CPU
		{3F410711-6577-4AB2-9ADD-DF1BF7C46350}.Release|iPhoneSimulator.Build.0 = Release|Any CPU
		{3F410711-6577-4AB2-9ADD-DF1BF7C46350}.Release|x64.ActiveCfg = Release|Any CPU
		{3F410711-6577-4AB2-9ADD-DF1BF7C46350}.Release|x64.Build.0 = Release|Any CPU
		{3F410711-6577-4AB2-9ADD-DF1BF7C46350}.Release|x86.ActiveCfg = Release|Any CPU
		{3F410711-6577-4AB2-9ADD-DF1BF7C46350}.Release|x86.Build.0 = Release|Any CPU
		{CB1C02B5-106C-44DC-B183-95FD7B6ADE73}.Ad-Hoc|Any CPU.ActiveCfg = Release|x64
		{CB1C02B5-106C-44DC-B183-95FD7B6ADE73}.Ad-Hoc|Any CPU.Build.0 = Release|x64
		{CB1C02B5-106C-44DC-B183-95FD7B6ADE73}.Ad-Hoc|Any CPU.Deploy.0 = Release|x64
		{CB1C02B5-106C-44DC-B183-95FD7B6ADE73}.Ad-Hoc|ARM.ActiveCfg = Release|ARM
		{CB1C02B5-106C-44DC-B183-95FD7B6ADE73}.Ad-Hoc|ARM.Build.0 = Release|ARM
		{CB1C02B5-106C-44DC-B183-95FD7B6ADE73}.Ad-Hoc|ARM.Deploy.0 = Release|ARM
		{CB1C02B5-106C-44DC-B183-95FD7B6ADE73}.Ad-Hoc|ARM64.ActiveCfg = Release|ARM64
		{CB1C02B5-106C-44DC-B183-95FD7B6ADE73}.Ad-Hoc|ARM64.Build.0 = Release|ARM64
		{CB1C02B5-106C-44DC-B183-95FD7B6ADE73}.Ad-Hoc|ARM64.Deploy.0 = Release|ARM64
		{CB1C02B5-106C-44DC-B183-95FD7B6ADE73}.Ad-Hoc|iPhone.ActiveCfg = Release|x64
		{CB1C02B5-106C-44DC-B183-95FD7B6ADE73}.Ad-Hoc|iPhone.Build.0 = Release|x64
		{CB1C02B5-106C-44DC-B183-95FD7B6ADE73}.Ad-Hoc|iPhone.Deploy.0 = Release|x64
		{CB1C02B5-106C-44DC-B183-95FD7B6ADE73}.Ad-Hoc|iPhoneSimulator.ActiveCfg = Release|x64
		{CB1C02B5-106C-44DC-B183-95FD7B6ADE73}.Ad-Hoc|iPhoneSimulator.Build.0 = Release|x64
		{CB1C02B5-106C-44DC-B183-95FD7B6ADE73}.Ad-Hoc|iPhoneSimulator.Deploy.0 = Release|x64
		{CB1C02B5-106C-44DC-B183-95FD7B6ADE73}.Ad-Hoc|x64.ActiveCfg = Release|x64
		{CB1C02B5-106C-44DC-B183-95FD7B6ADE73}.Ad-Hoc|x64.Build.0 = Release|x64
		{CB1C02B5-106C-44DC-B183-95FD7B6ADE73}.Ad-Hoc|x64.Deploy.0 = Release|x64
		{CB1C02B5-106C-44DC-B183-95FD7B6ADE73}.Ad-Hoc|x86.ActiveCfg = Release|x86
		{CB1C02B5-106C-44DC-B183-95FD7B6ADE73}.Ad-Hoc|x86.Build.0 = Release|x86
		{CB1C02B5-106C-44DC-B183-95FD7B6ADE73}.Ad-Hoc|x86.Deploy.0 = Release|x86
		{CB1C02B5-106C-44DC-B183-95FD7B6ADE73}.AppStore|Any CPU.ActiveCfg = Release|x64
		{CB1C02B5-106C-44DC-B183-95FD7B6ADE73}.AppStore|Any CPU.Build.0 = Release|x64
		{CB1C02B5-106C-44DC-B183-95FD7B6ADE73}.AppStore|Any CPU.Deploy.0 = Release|x64
		{CB1C02B5-106C-44DC-B183-95FD7B6ADE73}.AppStore|ARM.ActiveCfg = Release|ARM
		{CB1C02B5-106C-44DC-B183-95FD7B6ADE73}.AppStore|ARM.Build.0 = Release|ARM
		{CB1C02B5-106C-44DC-B183-95FD7B6ADE73}.AppStore|ARM.Deploy.0 = Release|ARM
		{CB1C02B5-106C-44DC-B183-95FD7B6ADE73}.AppStore|ARM64.ActiveCfg = Release|ARM64
		{CB1C02B5-106C-44DC-B183-95FD7B6ADE73}.AppStore|ARM64.Build.0 = Release|ARM64
		{CB1C02B5-106C-44DC-B183-95FD7B6ADE73}.AppStore|ARM64.Deploy.0 = Release|ARM64
		{CB1C02B5-106C-44DC-B183-95FD7B6ADE73}.AppStore|iPhone.ActiveCfg = Release|x64
		{CB1C02B5-106C-44DC-B183-95FD7B6ADE73}.AppStore|iPhone.Build.0 = Release|x64
		{CB1C02B5-106C-44DC-B183-95FD7B6ADE73}.AppStore|iPhone.Deploy.0 = Release|x64
		{CB1C02B5-106C-44DC-B183-95FD7B6ADE73}.AppStore|iPhoneSimulator.ActiveCfg = Release|x64
		{CB1C02B5-106C-44DC-B183-95FD7B6ADE73}.AppStore|iPhoneSimulator.Build.0 = Release|x64
		{CB1C02B5-106C-44DC-B183-95FD7B6ADE73}.AppStore|iPhoneSimulator.Deploy.0 = Release|x64
		{CB1C02B5-106C-44DC-B183-95FD7B6ADE73}.AppStore|x64.ActiveCfg = Release|x64
		{CB1C02B5-106C-44DC-B183-95FD7B6ADE73}.AppStore|x64.Build.0 = Release|x64
		{CB1C02B5-106C-44DC-B183-95FD7B6ADE73}.AppStore|x64.Deploy.0 = Release|x64
		{CB1C02B5-106C-44DC-B183-95FD7B6ADE73}.AppStore|x86.ActiveCfg = Release|x86
		{CB1C02B5-106C-44DC-B183-95FD7B6ADE73}.AppStore|x86.Build.0 = Release|x86
		{CB1C02B5-106C-44DC-B183-95FD7B6ADE73}.AppStore|x86.Deploy.0 = Release|x86
		{CB1C02B5-106C-44DC-B183-95FD7B6ADE73}.Debug|Any CPU.ActiveCfg = Debug|x86
		{CB1C02B5-106C-44DC-B183-95FD7B6ADE73}.Debug|ARM.ActiveCfg = Debug|ARM
		{CB1C02B5-106C-44DC-B183-95FD7B6ADE73}.Debug|ARM.Build.0 = Debug|ARM
		{CB1C02B5-106C-44DC-B183-95FD7B6ADE73}.Debug|ARM.Deploy.0 = Debug|ARM
		{CB1C02B5-106C-44DC-B183-95FD7B6ADE73}.Debug|ARM64.ActiveCfg = Debug|ARM64
		{CB1C02B5-106C-44DC-B183-95FD7B6ADE73}.Debug|ARM64.Build.0 = Debug|ARM64
		{CB1C02B5-106C-44DC-B183-95FD7B6ADE73}.Debug|ARM64.Deploy.0 = Debug|ARM64
		{CB1C02B5-106C-44DC-B183-95FD7B6ADE73}.Debug|iPhone.ActiveCfg = Debug|x86
		{CB1C02B5-106C-44DC-B183-95FD7B6ADE73}.Debug|iPhoneSimulator.ActiveCfg = Debug|x86
		{CB1C02B5-106C-44DC-B183-95FD7B6ADE73}.Debug|x64.ActiveCfg = Debug|x64
		{CB1C02B5-106C-44DC-B183-95FD7B6ADE73}.Debug|x64.Build.0 = Debug|x64
		{CB1C02B5-106C-44DC-B183-95FD7B6ADE73}.Debug|x64.Deploy.0 = Debug|x64
		{CB1C02B5-106C-44DC-B183-95FD7B6ADE73}.Debug|x86.ActiveCfg = Debug|x86
		{CB1C02B5-106C-44DC-B183-95FD7B6ADE73}.Debug|x86.Build.0 = Debug|x86
		{CB1C02B5-106C-44DC-B183-95FD7B6ADE73}.Debug|x86.Deploy.0 = Debug|x86
		{CB1C02B5-106C-44DC-B183-95FD7B6ADE73}.Release|Any CPU.ActiveCfg = Release|x86
		{CB1C02B5-106C-44DC-B183-95FD7B6ADE73}.Release|ARM.ActiveCfg = Release|ARM
		{CB1C02B5-106C-44DC-B183-95FD7B6ADE73}.Release|ARM.Build.0 = Release|ARM
		{CB1C02B5-106C-44DC-B183-95FD7B6ADE73}.Release|ARM.Deploy.0 = Release|ARM
		{CB1C02B5-106C-44DC-B183-95FD7B6ADE73}.Release|ARM64.ActiveCfg = Release|ARM64
		{CB1C02B5-106C-44DC-B183-95FD7B6ADE73}.Release|ARM64.Build.0 = Release|ARM64
		{CB1C02B5-106C-44DC-B183-95FD7B6ADE73}.Release|ARM64.Deploy.0 = Release|ARM64
		{CB1C02B5-106C-44DC-B183-95FD7B6ADE73}.Release|iPhone.ActiveCfg = Release|x86
		{CB1C02B5-106C-44DC-B183-95FD7B6ADE73}.Release|iPhoneSimulator.ActiveCfg = Release|x86
		{CB1C02B5-106C-44DC-B183-95FD7B6ADE73}.Release|x64.ActiveCfg = Release|x64
		{CB1C02B5-106C-44DC-B183-95FD7B6ADE73}.Release|x64.Build.0 = Release|x64
		{CB1C02B5-106C-44DC-B183-95FD7B6ADE73}.Release|x64.Deploy.0 = Release|x64
		{CB1C02B5-106C-44DC-B183-95FD7B6ADE73}.Release|x86.ActiveCfg = Release|x86
		{CB1C02B5-106C-44DC-B183-95FD7B6ADE73}.Release|x86.Build.0 = Release|x86
		{CB1C02B5-106C-44DC-B183-95FD7B6ADE73}.Release|x86.Deploy.0 = Release|x86
	EndGlobalSection
	GlobalSection(SolutionProperties) = preSolution
		HideSolutionNode = FALSE
	EndGlobalSection
	GlobalSection(ExtensibilityGlobals) = postSolution
		SolutionGuid = {F6D05029-56B8-4E45-AF2D-0E76295DDBA2}
	EndGlobalSection
EndGlobal
